PODS:
  - CocoaAsyncSocket (7.6.5)
  - CocoaMQTT (1.2.5):
    - CocoaAsyncSocket (~> 7.6.3)
  - lottie-ios (3.2.3)
  - Realm (4.3.2):
    - Realm/Headers (= 4.3.2)
  - Realm/Headers (4.3.2)
  - RealmSwift (4.3.2):
    - Realm (= 4.3.2)

DEPENDENCIES:
  - CocoaMQTT
  - lottie-ios
  - RealmSwift

SPEC REPOS:
  trunk:
    - CocoaAsyncSocket
    - CocoaMQTT
    - lottie-ios
    - Realm
    - RealmSwift

SPEC CHECKSUMS:
  CocoaAsyncSocket: 065fd1e645c7abab64f7a6a2007a48038fdc6a99
  CocoaMQTT: a61490ed3b328011c5d75169a77781983e2bb221
  lottie-ios: c058aeafa76daa4cf64d773554bccc8385d0150e
  Realm: 5e92902e2875dff4bb0fd02f67bb737c3d5db2bc
  RealmSwift: 9a360fc7bae04fc2e308a34fbd899d5faa2d6b22

PODFILE CHECKSUM: cbd94773091272ac50e7d6074eaa52b2a66d2e14

COCOAPODS: 1.11.2
